
Microsoft Visual Studio Solution File, Format Version 12.00
# Visual Studio Version 16
VisualStudioVersion = 16.0.31424.327
MinimumVisualStudioVersion = 10.0.40219.1
Project("{FAE04EC0-301F-11D3-BF4B-00C04F79EFBC}") = "Malfoy", "Malfoy.csproj", "{AC2CA91A-7444-4FD2-9A6C-0980C1072A79}"
EndProject
Global
	GlobalSection(SolutionConfigurationPlatforms) = preSolution
		Debug|Any CPU = Debug|Any CPU
		Release|Any CPU = Release|Any CPU
	EndGlobalSection
	GlobalSection(ProjectConfigurationPlatforms) = postSolution
		{AC2CA91A-7444-4FD2-9A6C-0980C1072A79}.Debug|Any CPU.ActiveCfg = Debug|Any CPU
		{AC2CA91A-7444-4FD2-9A6C-0980C1072A79}.Debug|Any CPU.Build.0 = Debug|Any CPU
		{AC2CA91A-7444-4FD2-9A6C-0980C1072A79}.Release|Any CPU.ActiveCfg = Release|Any CPU
		{AC2CA91A-7444-4FD2-9A6C-0980C1072A79}.Release|Any CPU.Build.0 = Release|Any CPU
	EndGlobalSection
	GlobalSection(SolutionProperties) = preSolution
		HideSolutionNode = FALSE
	EndGlobalSection
	GlobalSection(ExtensibilityGlobals) = postSolution
		SolutionGuid = {C8C54932-F215-4167-9510-A573D9729FAF}
	EndGlobalSection
EndGlobal
